
Microsoft Visual Studio Solution File, Format Version 12.00
# Visual Studio 2012
Project("{FAE04EC0-301F-11D3-BF4B-00C04F79EFBC}") = "SLReports", "SLReports\SLReports.csproj", "{71CDDED4-A61E-4DA4-AC0C-5ADC68103BCD}"
EndProject
Global
	GlobalSection(SolutionConfigurationPlatforms) = preSolution
		Debug|Any CPU = Debug|Any CPU
		Release|Any CPU = Release|Any CPU
	EndGlobalSection
	GlobalSection(ProjectConfigurationPlatforms) = postSolution
		{71CDDED4-A61E-4DA4-AC0C-5ADC68103BCD}.Debug|Any CPU.ActiveCfg = Debug|Any CPU
		{71CDDED4-A61E-4DA4-AC0C-5ADC68103BCD}.Debug|Any CPU.Build.0 = Debug|Any CPU
		{71CDDED4-A61E-4DA4-AC0C-5ADC68103BCD}.Release|Any CPU.ActiveCfg = Release|Any CPU
		{71CDDED4-A61E-4DA4-AC0C-5ADC68103BCD}.Release|Any CPU.Build.0 = Release|Any CPU
	EndGlobalSection
	GlobalSection(SolutionProperties) = preSolution
		HideSolutionNode = FALSE
	EndGlobalSection
EndGlobal
